
Microsoft Visual Studio Solution File, Format Version 12.00
# Visual Studio Version 17
VisualStudioVersion = 17.10.34928.147
MinimumVisualStudioVersion = 10.0.40219.1
Project("{9A19103F-16F7-4668-BE54-9A1E7A4F7556}") = "RockPaperScissors", "RockPaperScissors\RockPaperScissors.csproj", "{914F21F1-93ED-4B62-858D-498D15735975}"
EndProject
Global
	GlobalSection(SolutionConfigurationPlatforms) = preSolution
		Debug|Any CPU = Debug|Any CPU
		Release|Any CPU = Release|Any CPU
	EndGlobalSection
	GlobalSection(ProjectConfigurationPlatforms) = postSolution
		{914F21F1-93ED-4B62-858D-498D15735975}.Debug|Any CPU.ActiveCfg = Debug|Any CPU
		{914F21F1-93ED-4B62-858D-498D15735975}.Debug|Any CPU.Build.0 = Debug|Any CPU
		{914F21F1-93ED-4B62-858D-498D15735975}.Release|Any CPU.ActiveCfg = Release|Any CPU
		{914F21F1-93ED-4B62-858D-498D15735975}.Release|Any CPU.Build.0 = Release|Any CPU
	EndGlobalSection
	GlobalSection(SolutionProperties) = preSolution
		HideSolutionNode = FALSE
	EndGlobalSection
	GlobalSection(ExtensibilityGlobals) = postSolution
		SolutionGuid = {5851A6EB-547A-49E4-A78E-4DA993E6C503}
	EndGlobalSection
EndGlobal
